
Microsoft Visual Studio Solution File, Format Version 12.00
# Visual Studio Version 17
VisualStudioVersion = 17.13.35919.96
MinimumVisualStudioVersion = 10.0.40219.1
Project("{FAE04EC0-301F-11D3-BF4B-00C04F79EFBC}") = "Consultation.App", "Consultation.App\Consultation.App.csproj", "{E8C646FC-D437-42FE-B731-67D4DAF23CBC}"
	ProjectSection(ProjectDependencies) = postProject
		{456216E9-FEDC-393F-8139-2142579C1CD8} = {456216E9-FEDC-393F-8139-2142579C1CD8}
	EndProjectSection
EndProject
Project("{FAE04EC0-301F-11D3-BF4B-00C04F79EFBC}") = "Consultation.BackEndCRUD", "Consultation.BackEndCRUD\Consultation.BackEndCRUD.csproj", "{BC58B9C7-32E9-DBEE-04A3-F4EDBB445FD9}"
	ProjectSection(ProjectDependencies) = postProject
		{456216E9-FEDC-393F-8139-2142579C1CD8} = {456216E9-FEDC-393F-8139-2142579C1CD8}
		{80D7A80F-3258-D0CC-7ED0-14D53B9640F7} = {80D7A80F-3258-D0CC-7ED0-14D53B9640F7}
		{D2C76928-7D24-A2F3-2792-9A45443FEB00} = {D2C76928-7D24-A2F3-2792-9A45443FEB00}
		{FB41E468-C230-4FB8-B44A-23EF329EEC92} = {FB41E468-C230-4FB8-B44A-23EF329EEC92}
		{FC95563B-4A6F-1124-9907-F481FC3DB2A8} = {FC95563B-4A6F-1124-9907-F481FC3DB2A8}
	EndProjectSection
EndProject
Project("{FAE04EC0-301F-11D3-BF4B-00C04F79EFBC}") = "Consultation.Desktop.Test", "Consultation.Desktop.Test\Consultation.Desktop.Test.csproj", "{6901F573-CCB8-0F1F-3D6B-3803D3B8D347}"
EndProject
Project("{FAE04EC0-301F-11D3-BF4B-00C04F79EFBC}") = "Consultation.Domain", "..\..\..\Downloads\DataBaseUpdated-SQL_Database_Version_2.0\Consultation.Domain\Consultation.Domain.csproj", "{FB41E468-C230-4FB8-B44A-23EF329EEC92}"
EndProject
Project("{FAE04EC0-301F-11D3-BF4B-00C04F79EFBC}") = "Consultation.Infrastructure", "..\..\..\Downloads\DataBaseUpdated-SQL_Database_Version_2.0\Consultation.Infrastructure\Consultation.Infrastructure.csproj", "{456216E9-FEDC-393F-8139-2142579C1CD8}"
EndProject
Project("{FAE04EC0-301F-11D3-BF4B-00C04F79EFBC}") = "Consultation.Repository", "..\..\..\Downloads\DataBaseUpdated-SQL_Database_Version_2.0\Consoltation.Repository\Consultation.Repository.csproj", "{80D7A80F-3258-D0CC-7ED0-14D53B9640F7}"
EndProject
Project("{FAE04EC0-301F-11D3-BF4B-00C04F79EFBC}") = "Consultation.Services", "..\..\..\Downloads\DataBaseUpdated-SQL_Database_Version_2.0\Consoltation.Services\Consultation.Services.csproj", "{FC95563B-4A6F-1124-9907-F481FC3DB2A8}"
EndProject
Project("{FAE04EC0-301F-11D3-BF4B-00C04F79EFBC}") = "Enum", "..\..\..\Downloads\DataBaseUpdated-SQL_Database_Version_2.0\Enum\Enum.csproj", "{D2C76928-7D24-A2F3-2792-9A45443FEB00}"
EndProject
Global
	GlobalSection(SolutionConfigurationPlatforms) = preSolution
		Debug|Any CPU = Debug|Any CPU
		Release|Any CPU = Release|Any CPU
	EndGlobalSection
	GlobalSection(ProjectConfigurationPlatforms) = postSolution
		{E8C646FC-D437-42FE-B731-67D4DAF23CBC}.Debug|Any CPU.ActiveCfg = Debug|Any CPU
		{E8C646FC-D437-42FE-B731-67D4DAF23CBC}.Debug|Any CPU.Build.0 = Debug|Any CPU
		{E8C646FC-D437-42FE-B731-67D4DAF23CBC}.Release|Any CPU.ActiveCfg = Release|Any CPU
		{E8C646FC-D437-42FE-B731-67D4DAF23CBC}.Release|Any CPU.Build.0 = Release|Any CPU
		{BC58B9C7-32E9-DBEE-04A3-F4EDBB445FD9}.Debug|Any CPU.ActiveCfg = Debug|Any CPU
		{BC58B9C7-32E9-DBEE-04A3-F4EDBB445FD9}.Debug|Any CPU.Build.0 = Debug|Any CPU
		{BC58B9C7-32E9-DBEE-04A3-F4EDBB445FD9}.Release|Any CPU.ActiveCfg = Release|Any CPU
		{BC58B9C7-32E9-DBEE-04A3-F4EDBB445FD9}.Release|Any CPU.Build.0 = Release|Any CPU
		{6901F573-CCB8-0F1F-3D6B-3803D3B8D347}.Debug|Any CPU.ActiveCfg = Debug|Any CPU
		{6901F573-CCB8-0F1F-3D6B-3803D3B8D347}.Debug|Any CPU.Build.0 = Debug|Any CPU
		{6901F573-CCB8-0F1F-3D6B-3803D3B8D347}.Release|Any CPU.ActiveCfg = Release|Any CPU
		{6901F573-CCB8-0F1F-3D6B-3803D3B8D347}.Release|Any CPU.Build.0 = Release|Any CPU
		{FB41E468-C230-4FB8-B44A-23EF329EEC92}.Debug|Any CPU.ActiveCfg = Debug|Any CPU
		{FB41E468-C230-4FB8-B44A-23EF329EEC92}.Debug|Any CPU.Build.0 = Debug|Any CPU
		{FB41E468-C230-4FB8-B44A-23EF329EEC92}.Release|Any CPU.ActiveCfg = Release|Any CPU
		{FB41E468-C230-4FB8-B44A-23EF329EEC92}.Release|Any CPU.Build.0 = Release|Any CPU
		{456216E9-FEDC-393F-8139-2142579C1CD8}.Debug|Any CPU.ActiveCfg = Debug|Any CPU
		{456216E9-FEDC-393F-8139-2142579C1CD8}.Debug|Any CPU.Build.0 = Debug|Any CPU
		{456216E9-FEDC-393F-8139-2142579C1CD8}.Release|Any CPU.ActiveCfg = Release|Any CPU
		{456216E9-FEDC-393F-8139-2142579C1CD8}.Release|Any CPU.Build.0 = Release|Any CPU
		{80D7A80F-3258-D0CC-7ED0-14D53B9640F7}.Debug|Any CPU.ActiveCfg = Debug|Any CPU
		{80D7A80F-3258-D0CC-7ED0-14D53B9640F7}.Debug|Any CPU.Build.0 = Debug|Any CPU
		{80D7A80F-3258-D0CC-7ED0-14D53B9640F7}.Release|Any CPU.ActiveCfg = Release|Any CPU
		{80D7A80F-3258-D0CC-7ED0-14D53B9640F7}.Release|Any CPU.Build.0 = Release|Any CPU
		{FC95563B-4A6F-1124-9907-F481FC3DB2A8}.Debug|Any CPU.ActiveCfg = Debug|Any CPU
		{FC95563B-4A6F-1124-9907-F481FC3DB2A8}.Debug|Any CPU.Build.0 = Debug|Any CPU
		{FC95563B-4A6F-1124-9907-F481FC3DB2A8}.Release|Any CPU.ActiveCfg = Release|Any CPU
		{FC95563B-4A6F-1124-9907-F481FC3DB2A8}.Release|Any CPU.Build.0 = Release|Any CPU
		{D2C76928-7D24-A2F3-2792-9A45443FEB00}.Debug|Any CPU.ActiveCfg = Debug|Any CPU
		{D2C76928-7D24-A2F3-2792-9A45443FEB00}.Debug|Any CPU.Build.0 = Debug|Any CPU
		{D2C76928-7D24-A2F3-2792-9A45443FEB00}.Release|Any CPU.ActiveCfg = Release|Any CPU
		{D2C76928-7D24-A2F3-2792-9A45443FEB00}.Release|Any CPU.Build.0 = Release|Any CPU
	EndGlobalSection
	GlobalSection(SolutionProperties) = preSolution
		HideSolutionNode = FALSE
	EndGlobalSection
	GlobalSection(ExtensibilityGlobals) = postSolution
		SolutionGuid = {204111D8-687D-4F5B-A846-CFAAC6F7B04C}
	EndGlobalSection
EndGlobal
